// !$*UTF8*$!
{
	archiveVersion = 1;
	classes = {
	};
	objectVersion = 56;
	objects = {

/* Begin PBXBuildFile section */
		E0A940F52C7DCF1100DEA3BF /* AppDelegate.swift in Sources */ = {isa = PBXBuildFile; fileRef = E0A940F42C7DCF1100DEA3BF /* AppDelegate.swift */; };
		E0A940F72C7DCF1100DEA3BF /* SceneDelegate.swift in Sources */ = {isa = PBXBuildFile; fileRef = E0A940F62C7DCF1100DEA3BF /* SceneDelegate.swift */; };
		E0A940F92C7DCF1100DEA3BF /* ViewController.swift in Sources */ = {isa = PBXBuildFile; fileRef = E0A940F82C7DCF1100DEA3BF /* ViewController.swift */; };
		E0A940FC2C7DCF1100DEA3BF /* Base in Resources */ = {isa = PBXBuildFile; fileRef = E0A940FB2C7DCF1100DEA3BF /* Base */; };
		E0A940FE2C7DCF1200DEA3BF /* Assets.xcassets in Resources */ = {isa = PBXBuildFile; fileRef = E0A940FD2C7DCF1200DEA3BF /* Assets.xcassets */; };
		E0A941012C7DCF1200DEA3BF /* Base in Resources */ = {isa = PBXBuildFile; fileRef = E0A941002C7DCF1200DEA3BF /* Base */; };
		E0A9410B2C7DCFA800DEA3BF /* ScanditBarcodeCapture in Frameworks */ = {isa = PBXBuildFile; productRef = E0A9410A2C7DCFA800DEA3BF /* ScanditBarcodeCapture */; };
		E0A9410D2C7DCFA800DEA3BF /* ScanditCaptureCore in Frameworks */ = {isa = PBXBuildFile; productRef = E0A9410C2C7DCFA800DEA3BF /* ScanditCaptureCore */; };
		E0A941102C7DD9EA00DEA3BF /* BarCodeScannerViewController.swift in Sources */ = {isa = PBXBuildFile; fileRef = E0A9410F2C7DD9EA00DEA3BF /* BarCodeScannerViewController.swift */; };
		E0A941122C7ED9CF00DEA3BF /* CoreData.framework in Frameworks */ = {isa = PBXBuildFile; fileRef = E0A941112C7ED9CF00DEA3BF /* CoreData.framework */; };
		E0A941152C7ED9F400DEA3BF /* Barcode.xcdatamodeld in Sources */ = {isa = PBXBuildFile; fileRef = E0A941132C7ED9F400DEA3BF /* Barcode.xcdatamodeld */; };
		E0A941182C7EDB5300DEA3BF /* CoreDataManager.swift in Sources */ = {isa = PBXBuildFile; fileRef = E0A941172C7EDB5300DEA3BF /* CoreDataManager.swift */; };
		E0A9411A2C7EDCB900DEA3BF /* BarCodeScannerViewModel.swift in Sources */ = {isa = PBXBuildFile; fileRef = E0A941192C7EDCB900DEA3BF /* BarCodeScannerViewModel.swift */; };
		E0A9411D2C7F026F00DEA3BF /* BarCodeTableViewCell.xib in Resources */ = {isa = PBXBuildFile; fileRef = E0A9411C2C7F026F00DEA3BF /* BarCodeTableViewCell.xib */; };
		E0A9411E2C7F026F00DEA3BF /* BarCodeTableViewCell.swift in Sources */ = {isa = PBXBuildFile; fileRef = E0A9411B2C7F026F00DEA3BF /* BarCodeTableViewCell.swift */; };
/* End PBXBuildFile section */

/* Begin PBXFileReference section */
		E0A940F12C7DCF1100DEA3BF /* Scanner.app */ = {isa = PBXFileReference; explicitFileType = wrapper.application; includeInIndex = 0; path = Scanner.app; sourceTree = BUILT_PRODUCTS_DIR; };
		E0A940F42C7DCF1100DEA3BF /* AppDelegate.swift */ = {isa = PBXFileReference; lastKnownFileType = sourcecode.swift; path = AppDelegate.swift; sourceTree = "<group>"; };
		E0A940F62C7DCF1100DEA3BF /* SceneDelegate.swift */ = {isa = PBXFileReference; lastKnownFileType = sourcecode.swift; path = SceneDelegate.swift; sourceTree = "<group>"; };
		E0A940F82C7DCF1100DEA3BF /* ViewController.swift */ = {isa = PBXFileReference; lastKnownFileType = sourcecode.swift; path = ViewController.swift; sourceTree = "<group>"; };
		E0A940FB2C7DCF1100DEA3BF /* Base */ = {isa = PBXFileReference; lastKnownFileType = file.storyboard; name = Base; path = Base.lproj/Main.storyboard; sourceTree = "<group>"; };
		E0A940FD2C7DCF1200DEA3BF /* Assets.xcassets */ = {isa = PBXFileReference; lastKnownFileType = folder.assetcatalog; path = Assets.xcassets; sourceTree = "<group>"; };
		E0A941002C7DCF1200DEA3BF /* Base */ = {isa = PBXFileReference; lastKnownFileType = file.storyboard; name = Base; path = Base.lproj/LaunchScreen.storyboard; sourceTree = "<group>"; };
		E0A941022C7DCF1200DEA3BF /* Info.plist */ = {isa = PBXFileReference; lastKnownFileType = text.plist.xml; path = Info.plist; sourceTree = "<group>"; };
		E0A9410F2C7DD9EA00DEA3BF /* BarCodeScannerViewController.swift */ = {isa = PBXFileReference; lastKnownFileType = sourcecode.swift; path = BarCodeScannerViewController.swift; sourceTree = "<group>"; };
		E0A941112C7ED9CF00DEA3BF /* CoreData.framework */ = {isa = PBXFileReference; lastKnownFileType = wrapper.framework; name = CoreData.framework; path = System/Library/Frameworks/CoreData.framework; sourceTree = SDKROOT; };
		E0A941142C7ED9F400DEA3BF /* Barcode.xcdatamodel */ = {isa = PBXFileReference; lastKnownFileType = wrapper.xcdatamodel; path = Barcode.xcdatamodel; sourceTree = "<group>"; };
		E0A941172C7EDB5300DEA3BF /* CoreDataManager.swift */ = {isa = PBXFileReference; lastKnownFileType = sourcecode.swift; path = CoreDataManager.swift; sourceTree = "<group>"; };
		E0A941192C7EDCB900DEA3BF /* BarCodeScannerViewModel.swift */ = {isa = PBXFileReference; lastKnownFileType = sourcecode.swift; path = BarCodeScannerViewModel.swift; sourceTree = "<group>"; };
		E0A9411B2C7F026F00DEA3BF /* BarCodeTableViewCell.swift */ = {isa = PBXFileReference; lastKnownFileType = sourcecode.swift; path = BarCodeTableViewCell.swift; sourceTree = "<group>"; };
		E0A9411C2C7F026F00DEA3BF /* BarCodeTableViewCell.xib */ = {isa = PBXFileReference; lastKnownFileType = file.xib; path = BarCodeTableViewCell.xib; sourceTree = "<group>"; };
/* End PBXFileReference section */

/* Begin PBXFrameworksBuildPhase section */
		E0A940EE2C7DCF1100DEA3BF /* Frameworks */ = {
			isa = PBXFrameworksBuildPhase;
			buildActionMask = 2147483647;
			files = (
				E0A9410B2C7DCFA800DEA3BF /* ScanditBarcodeCapture in Frameworks */,
				E0A941122C7ED9CF00DEA3BF /* CoreData.framework in Frameworks */,
				E0A9410D2C7DCFA800DEA3BF /* ScanditCaptureCore in Frameworks */,
			);
			runOnlyForDeploymentPostprocessing = 0;
		};
/* End PBXFrameworksBuildPhase section */

/* Begin PBXGroup section */
		E0A940E82C7DCF1100DEA3BF = {
			isa = PBXGroup;
			children = (
				E0A941132C7ED9F400DEA3BF /* Barcode.xcdatamodeld */,
				E0A940F32C7DCF1100DEA3BF /* Scanner */,
				E0A940F22C7DCF1100DEA3BF /* Products */,
				E0A941092C7DCFA800DEA3BF /* Frameworks */,
			);
			sourceTree = "<group>";
		};
		E0A940F22C7DCF1100DEA3BF /* Products */ = {
			isa = PBXGroup;
			children = (
				E0A940F12C7DCF1100DEA3BF /* Scanner.app */,
			);
			name = Products;
			sourceTree = "<group>";
		};
		E0A940F32C7DCF1100DEA3BF /* Scanner */ = {
			isa = PBXGroup;
			children = (
				E0A9411F2C7F027900DEA3BF /* BarCodeList */,
				E0A941162C7EDB4200DEA3BF /* CoreData */,
				E0A9410E2C7DD9C700DEA3BF /* BarCodeScannerVC */,
				E0A940F42C7DCF1100DEA3BF /* AppDelegate.swift */,
				E0A940F62C7DCF1100DEA3BF /* SceneDelegate.swift */,
				E0A940FA2C7DCF1100DEA3BF /* Main.storyboard */,
				E0A940FD2C7DCF1200DEA3BF /* Assets.xcassets */,
				E0A940FF2C7DCF1200DEA3BF /* LaunchScreen.storyboard */,
				E0A941022C7DCF1200DEA3BF /* Info.plist */,
			);
			path = Scanner;
			sourceTree = "<group>";
		};
		E0A941092C7DCFA800DEA3BF /* Frameworks */ = {
			isa = PBXGroup;
			children = (
				E0A941112C7ED9CF00DEA3BF /* CoreData.framework */,
			);
			name = Frameworks;
			sourceTree = "<group>";
		};
		E0A9410E2C7DD9C700DEA3BF /* BarCodeScannerVC */ = {
			isa = PBXGroup;
			children = (
				E0A9410F2C7DD9EA00DEA3BF /* BarCodeScannerViewController.swift */,
				E0A941192C7EDCB900DEA3BF /* BarCodeScannerViewModel.swift */,
			);
			path = BarCodeScannerVC;
			sourceTree = "<group>";
		};
		E0A941162C7EDB4200DEA3BF /* CoreData */ = {
			isa = PBXGroup;
			children = (
				E0A941172C7EDB5300DEA3BF /* CoreDataManager.swift */,
			);
			path = CoreData;
			sourceTree = "<group>";
		};
		E0A9411F2C7F027900DEA3BF /* BarCodeList */ = {
			isa = PBXGroup;
			children = (
				E0A940F82C7DCF1100DEA3BF /* ViewController.swift */,
				E0A9411B2C7F026F00DEA3BF /* BarCodeTableViewCell.swift */,
				E0A9411C2C7F026F00DEA3BF /* BarCodeTableViewCell.xib */,
			);
			name = BarCodeList;
			path = "New Group";
			sourceTree = "<group>";
		};
/* End PBXGroup section */

/* Begin PBXNativeTarget section */
		E0A940F02C7DCF1100DEA3BF /* Scanner */ = {
			isa = PBXNativeTarget;
			buildConfigurationList = E0A941052C7DCF1200DEA3BF /* Build configuration list for PBXNativeTarget "Scanner" */;
			buildPhases = (
				E0A940ED2C7DCF1100DEA3BF /* Sources */,
				E0A940EE2C7DCF1100DEA3BF /* Frameworks */,
				E0A940EF2C7DCF1100DEA3BF /* Resources */,
			);
			buildRules = (
			);
			dependencies = (
			);
			name = Scanner;
			packageProductDependencies = (
				E0A9410A2C7DCFA800DEA3BF /* ScanditBarcodeCapture */,
				E0A9410C2C7DCFA800DEA3BF /* ScanditCaptureCore */,
			);
			productName = Scanner;
			productReference = E0A940F12C7DCF1100DEA3BF /* Scanner.app */;
			productType = "com.apple.product-type.application";
		};
/* End PBXNativeTarget section */

/* Begin PBXProject section */
		E0A940E92C7DCF1100DEA3BF /* Project object */ = {
			isa = PBXProject;
			attributes = {
				BuildIndependentTargetsInParallel = 1;
				LastSwiftUpdateCheck = 1540;
				LastUpgradeCheck = 1540;
				TargetAttributes = {
					E0A940F02C7DCF1100DEA3BF = {
						CreatedOnToolsVersion = 15.4;
					};
				};
			};
			buildConfigurationList = E0A940EC2C7DCF1100DEA3BF /* Build configuration list for PBXProject "Scanner" */;
			compatibilityVersion = "Xcode 14.0";
			developmentRegion = en;
			hasScannedForEncodings = 0;
			knownRegions = (
				en,
				Base,
			);
			mainGroup = E0A940E82C7DCF1100DEA3BF;
			packageReferences = (
				E0A941082C7DCF6E00DEA3BF /* XCRemoteSwiftPackageReference "datacapture-spm" */,
			);
			productRefGroup = E0A940F22C7DCF1100DEA3BF /* Products */;
			projectDirPath = "";
			projectRoot = "";
			targets = (
				E0A940F02C7DCF1100DEA3BF /* Scanner */,
			);
		};
/* End PBXProject section */

/* Begin PBXResourcesBuildPhase section */
		E0A940EF2C7DCF1100DEA3BF /* Resources */ = {
			isa = PBXResourcesBuildPhase;
			buildActionMask = 2147483647;
			files = (
				E0A9411D2C7F026F00DEA3BF /* BarCodeTableViewCell.xib in Resources */,
				E0A940FE2C7DCF1200DEA3BF /* Assets.xcassets in Resources */,
				E0A941012C7DCF1200DEA3BF /* Base in Resources */,
				E0A940FC2C7DCF1100DEA3BF /* Base in Resources */,
			);
			runOnlyForDeploymentPostprocessing = 0;
		};
/* End PBXResourcesBuildPhase section */

/* Begin PBXSourcesBuildPhase section */
		E0A940ED2C7DCF1100DEA3BF /* Sources */ = {
			isa = PBXSourcesBuildPhase;
			buildActionMask = 2147483647;
			files = (
				E0A9411E2C7F026F00DEA3BF /* BarCodeTableViewCell.swift in Sources */,
				E0A941182C7EDB5300DEA3BF /* CoreDataManager.swift in Sources */,
				E0A941152C7ED9F400DEA3BF /* Barcode.xcdatamodeld in Sources */,
				E0A940F92C7DCF1100DEA3BF /* ViewController.swift in Sources */,
				E0A940F52C7DCF1100DEA3BF /* AppDelegate.swift in Sources */,
				E0A941102C7DD9EA00DEA3BF /* BarCodeScannerViewController.swift in Sources */,
				E0A9411A2C7EDCB900DEA3BF /* BarCodeScannerViewModel.swift in Sources */,
				E0A940F72C7DCF1100DEA3BF /* SceneDelegate.swift in Sources */,
			);
			runOnlyForDeploymentPostprocessing = 0;
		};
/* End PBXSourcesBuildPhase section */

/* Begin PBXVariantGroup section */
		E0A940FA2C7DCF1100DEA3BF /* Main.storyboard */ = {
			isa = PBXVariantGroup;
			children = (
				E0A940FB2C7DCF1100DEA3BF /* Base */,
			);
			name = Main.storyboard;
			sourceTree = "<group>";
		};
		E0A940FF2C7DCF1200DEA3BF /* LaunchScreen.storyboard */ = {
			isa = PBXVariantGroup;
			children = (
				E0A941002C7DCF1200DEA3BF /* Base */,
			);
			name = LaunchScreen.storyboard;
			sourceTree = "<group>";
		};
/* End PBXVariantGroup section */

/* Begin XCBuildConfiguration section */
		E0A941032C7DCF1200DEA3BF /* Debug */ = {
			isa = XCBuildConfiguration;
			buildSettings = {
				ALWAYS_SEARCH_USER_PATHS = NO;
				ASSETCATALOG_COMPILER_GENERATE_SWIFT_ASSET_SYMBOL_EXTENSIONS = YES;
				CLANG_ANALYZER_NONNULL = YES;
				CLANG_ANALYZER_NUMBER_OBJECT_CONVERSION = YES_AGGRESSIVE;
				CLANG_CXX_LANGUAGE_STANDARD = "gnu++20";
				CLANG_ENABLE_MODULES = YES;
				CLANG_ENABLE_OBJC_ARC = YES;
				CLANG_ENABLE_OBJC_WEAK = YES;
				CLANG_WARN_BLOCK_CAPTURE_AUTORELEASING = YES;
				CLANG_WARN_BOOL_CONVERSION = YES;
				CLANG_WARN_COMMA = YES;
				CLANG_WARN_CONSTANT_CONVERSION = YES;
				CLANG_WARN_DEPRECATED_OBJC_IMPLEMENTATIONS = YES;
				CLANG_WARN_DIRECT_OBJC_ISA_USAGE = YES_ERROR;
				CLANG_WARN_DOCUMENTATION_COMMENTS = YES;
				CLANG_WARN_EMPTY_BODY = YES;
				CLANG_WARN_ENUM_CONVERSION = YES;
				CLANG_WARN_INFINITE_RECURSION = YES;
				CLANG_WARN_INT_CONVERSION = YES;
				CLANG_WARN_NON_LITERAL_NULL_CONVERSION = YES;
				CLANG_WARN_OBJC_IMPLICIT_RETAIN_SELF = YES;
				CLANG_WARN_OBJC_LITERAL_CONVERSION = YES;
				CLANG_WARN_OBJC_ROOT_CLASS = YES_ERROR;
				CLANG_WARN_QUOTED_INCLUDE_IN_FRAMEWORK_HEADER = YES;
				CLANG_WARN_RANGE_LOOP_ANALYSIS = YES;
				CLANG_WARN_STRICT_PROTOTYPES = YES;
				CLANG_WARN_SUSPICIOUS_MOVE = YES;
				CLANG_WARN_UNGUARDED_AVAILABILITY = YES_AGGRESSIVE;
				CLANG_WARN_UNREACHABLE_CODE = YES;
				CLANG_WARN__DUPLICATE_METHOD_MATCH = YES;
				COPY_PHASE_STRIP = NO;
				DEBUG_INFORMATION_FORMAT = dwarf;
				ENABLE_STRICT_OBJC_MSGSEND = YES;
				ENABLE_TESTABILITY = YES;
				ENABLE_USER_SCRIPT_SANDBOXING = YES;
				GCC_C_LANGUAGE_STANDARD = gnu17;
				GCC_DYNAMIC_NO_PIC = NO;
				GCC_NO_COMMON_BLOCKS = YES;
				GCC_OPTIMIZATION_LEVEL = 0;
				GCC_PREPROCESSOR_DEFINITIONS = (
					"DEBUG=1",
					"$(inherited)",
				);
				GCC_WARN_64_TO_32_BIT_CONVERSION = YES;
				GCC_WARN_ABOUT_RETURN_TYPE = YES_ERROR;
				GCC_WARN_UNDECLARED_SELECTOR = YES;
				GCC_WARN_UNINITIALIZED_AUTOS = YES_AGGRESSIVE;
				GCC_WARN_UNUSED_FUNCTION = YES;
				GCC_WARN_UNUSED_VARIABLE = YES;
				IPHONEOS_DEPLOYMENT_TARGET = 17.5;
				LOCALIZATION_PREFERS_STRING_CATALOGS = YES;
				MTL_ENABLE_DEBUG_INFO = INCLUDE_SOURCE;
				MTL_FAST_MATH = YES;
				ONLY_ACTIVE_ARCH = YES;
				SDKROOT = iphoneos;
				SWIFT_ACTIVE_COMPILATION_CONDITIONS = "DEBUG $(inherited)";
				SWIFT_OPTIMIZATION_LEVEL = "-Onone";
			};
			name = Debug;
		};
		E0A941042C7DCF1200DEA3BF /* Release */ = {
			isa = XCBuildConfiguration;
			buildSettings = {
				ALWAYS_SEARCH_USER_PATHS = NO;
				ASSETCATALOG_COMPILER_GENERATE_SWIFT_ASSET_SYMBOL_EXTENSIONS = YES;
				CLANG_ANALYZER_NONNULL = YES;
				CLANG_ANALYZER_NUMBER_OBJECT_CONVERSION = YES_AGGRESSIVE;
				CLANG_CXX_LANGUAGE_STANDARD = "gnu++20";
				CLANG_ENABLE_MODULES = YES;
				CLANG_ENABLE_OBJC_ARC = YES;
				CLANG_ENABLE_OBJC_WEAK = YES;
				CLANG_WARN_BLOCK_CAPTURE_AUTORELEASING = YES;
				CLANG_WARN_BOOL_CONVERSION = YES;
				CLANG_WARN_COMMA = YES;
				CLANG_WARN_CONSTANT_CONVERSION = YES;
				CLANG_WARN_DEPRECATED_OBJC_IMPLEMENTATIONS = YES;
				CLANG_WARN_DIRECT_OBJC_ISA_USAGE = YES_ERROR;
				CLANG_WARN_DOCUMENTATION_COMMENTS = YES;
				CLANG_WARN_EMPTY_BODY = YES;
				CLANG_WARN_ENUM_CONVERSION = YES;
				CLANG_WARN_INFINITE_RECURSION = YES;
				CLANG_WARN_INT_CONVERSION = YES;
				CLANG_WARN_NON_LITERAL_NULL_CONVERSION = YES;
				CLANG_WARN_OBJC_IMPLICIT_RETAIN_SELF = YES;
				CLANG_WARN_OBJC_LITERAL_CONVERSION = YES;
				CLANG_WARN_OBJC_ROOT_CLASS = YES_ERROR;
				CLANG_WARN_QUOTED_INCLUDE_IN_FRAMEWORK_HEADER = YES;
				CLANG_WARN_RANGE_LOOP_ANALYSIS = YES;
				CLANG_WARN_STRICT_PROTOTYPES = YES;
				CLANG_WARN_SUSPICIOUS_MOVE = YES;
				CLANG_WARN_UNGUARDED_AVAILABILITY = YES_AGGRESSIVE;
				CLANG_WARN_UNREACHABLE_CODE = YES;
				CLANG_WARN__DUPLICATE_METHOD_MATCH = YES;
				COPY_PHASE_STRIP = NO;
				DEBUG_INFORMATION_FORMAT = "dwarf-with-dsym";
				ENABLE_NS_ASSERTIONS = NO;
				ENABLE_STRICT_OBJC_MSGSEND = YES;
				ENABLE_USER_SCRIPT_SANDBOXING = YES;
				GCC_C_LANGUAGE_STANDARD = gnu17;
				GCC_NO_COMMON_BLOCKS = YES;
				GCC_WARN_64_TO_32_BIT_CONVERSION = YES;
				GCC_WARN_ABOUT_RETURN_TYPE = YES_ERROR;
				GCC_WARN_UNDECLARED_SELECTOR = YES;
				GCC_WARN_UNINITIALIZED_AUTOS = YES_AGGRESSIVE;
				GCC_WARN_UNUSED_FUNCTION = YES;
				GCC_WARN_UNUSED_VARIABLE = YES;
				IPHONEOS_DEPLOYMENT_TARGET = 17.5;
				LOCALIZATION_PREFERS_STRING_CATALOGS = YES;
				MTL_ENABLE_DEBUG_INFO = NO;
				MTL_FAST_MATH = YES;
				SDKROOT = iphoneos;
				SWIFT_COMPILATION_MODE = wholemodule;
				VALIDATE_PRODUCT = YES;
			};
			name = Release;
		};
		E0A941062C7DCF1200DEA3BF /* Debug */ = {
			isa = XCBuildConfiguration;
			buildSettings = {
				ASSETCATALOG_COMPILER_APPICON_NAME = AppIcon;
				ASSETCATALOG_COMPILER_GLOBAL_ACCENT_COLOR_NAME = AccentColor;
				CODE_SIGN_STYLE = Automatic;
				CURRENT_PROJECT_VERSION = 1;
				DEVELOPMENT_TEAM = 6ZK56N8PKJ;
				GENERATE_INFOPLIST_FILE = YES;
				INFOPLIST_FILE = Scanner/Info.plist;
				INFOPLIST_KEY_UIApplicationSupportsIndirectInputEvents = YES;
				INFOPLIST_KEY_UILaunchStoryboardName = LaunchScreen;
				INFOPLIST_KEY_UIMainStoryboardFile = Main;
				INFOPLIST_KEY_UISupportedInterfaceOrientations_iPad = "UIInterfaceOrientationPortrait UIInterfaceOrientationPortraitUpsideDown UIInterfaceOrientationLandscapeLeft UIInterfaceOrientationLandscapeRight";
				INFOPLIST_KEY_UISupportedInterfaceOrientations_iPhone = "UIInterfaceOrientationPortrait UIInterfaceOrientationLandscapeLeft UIInterfaceOrientationLandscapeRight";
				IPHONEOS_DEPLOYMENT_TARGET = 15.0;
				LD_RUNPATH_SEARCH_PATHS = (
					"$(inherited)",
					"@executable_path/Frameworks",
				);
				MARKETING_VERSION = 1.0;
				PRODUCT_BUNDLE_IDENTIFIER = com.valyoo.lenskart.Scanner;
				PRODUCT_NAME = "$(TARGET_NAME)";
				SWIFT_EMIT_LOC_STRINGS = YES;
				SWIFT_VERSION = 5.0;
				TARGETED_DEVICE_FAMILY = "1,2";
			};
			name = Debug;
		};
		E0A941072C7DCF1200DEA3BF /* Release */ = {
			isa = XCBuildConfiguration;
			buildSettings = {
				ASSETCATALOG_COMPILER_APPICON_NAME = AppIcon;
				ASSETCATALOG_COMPILER_GLOBAL_ACCENT_COLOR_NAME = AccentColor;
				CODE_SIGN_STYLE = Automatic;
				CURRENT_PROJECT_VERSION = 1;
				DEVELOPMENT_TEAM = 6ZK56N8PKJ;
				GENERATE_INFOPLIST_FILE = YES;
				INFOPLIST_FILE = Scanner/Info.plist;
				INFOPLIST_KEY_UIApplicationSupportsIndirectInputEvents = YES;
				INFOPLIST_KEY_UILaunchStoryboardName = LaunchScreen;
				INFOPLIST_KEY_UIMainStoryboardFile = Main;
				INFOPLIST_KEY_UISupportedInterfaceOrientations_iPad = "UIInterfaceOrientationPortrait UIInterfaceOrientationPortraitUpsideDown UIInterfaceOrientationLandscapeLeft UIInterfaceOrientationLandscapeRight";
				INFOPLIST_KEY_UISupportedInterfaceOrientations_iPhone = "UIInterfaceOrientationPortrait UIInterfaceOrientationLandscapeLeft UIInterfaceOrientationLandscapeRight";
				IPHONEOS_DEPLOYMENT_TARGET = 15.0;
				LD_RUNPATH_SEARCH_PATHS = (
					"$(inherited)",
					"@executable_path/Frameworks",
				);
				MARKETING_VERSION = 1.0;
				PRODUCT_BUNDLE_IDENTIFIER = com.valyoo.lenskart.Scanner;
				PRODUCT_NAME = "$(TARGET_NAME)";
				SWIFT_EMIT_LOC_STRINGS = YES;
				SWIFT_VERSION = 5.0;
				TARGETED_DEVICE_FAMILY = "1,2";
			};
			name = Release;
		};
/* End XCBuildConfiguration section */

/* Begin XCConfigurationList section */
		E0A940EC2C7DCF1100DEA3BF /* Build configuration list for PBXProject "Scanner" */ = {
			isa = XCConfigurationList;
			buildConfigurations = (
				E0A941032C7DCF1200DEA3BF /* Debug */,
				E0A941042C7DCF1200DEA3BF /* Release */,
			);
			defaultConfigurationIsVisible = 0;
			defaultConfigurationName = Release;
		};
		E0A941052C7DCF1200DEA3BF /* Build configuration list for PBXNativeTarget "Scanner" */ = {
			isa = XCConfigurationList;
			buildConfigurations = (
				E0A941062C7DCF1200DEA3BF /* Debug */,
				E0A941072C7DCF1200DEA3BF /* Release */,
			);
			defaultConfigurationIsVisible = 0;
			defaultConfigurationName = Release;
		};
/* End XCConfigurationList section */

/* Begin XCRemoteSwiftPackageReference section */
		E0A941082C7DCF6E00DEA3BF /* XCRemoteSwiftPackageReference "datacapture-spm" */ = {
			isa = XCRemoteSwiftPackageReference;
			repositoryURL = "https://github.com/Scandit/datacapture-spm";
			requirement = {
				kind = upToNextMajorVersion;
				minimumVersion = 6.26.0;
			};
		};
/* End XCRemoteSwiftPackageReference section */

/* Begin XCSwiftPackageProductDependency section */
		E0A9410A2C7DCFA800DEA3BF /* ScanditBarcodeCapture */ = {
			isa = XCSwiftPackageProductDependency;
			package = E0A941082C7DCF6E00DEA3BF /* XCRemoteSwiftPackageReference "datacapture-spm" */;
			productName = ScanditBarcodeCapture;
		};
		E0A9410C2C7DCFA800DEA3BF /* ScanditCaptureCore */ = {
			isa = XCSwiftPackageProductDependency;
			package = E0A941082C7DCF6E00DEA3BF /* XCRemoteSwiftPackageReference "datacapture-spm" */;
			productName = ScanditCaptureCore;
		};
/* End XCSwiftPackageProductDependency section */

/* Begin XCVersionGroup section */
		E0A941132C7ED9F400DEA3BF /* Barcode.xcdatamodeld */ = {
			isa = XCVersionGroup;
			children = (
				E0A941142C7ED9F400DEA3BF /* Barcode.xcdatamodel */,
			);
			currentVersion = E0A941142C7ED9F400DEA3BF /* Barcode.xcdatamodel */;
			name = Barcode.xcdatamodeld;
			path = "/Users/saurav/Desktop/Scandit/Scandit-Barcode/Barcode.xcdatamodeld";
			sourceTree = "<group>";
			versionGroupType = wrapper.xcdatamodel;
		};
/* End XCVersionGroup section */
	};
	rootObject = E0A940E92C7DCF1100DEA3BF /* Project object */;
}
